
Microsoft Visual Studio Solution File, Format Version 12.00
# Visual Studio Version 17
VisualStudioVersion = 17.7.34003.232
MinimumVisualStudioVersion = 10.0.40219.1
Project("{FAE04EC0-301F-11D3-BF4B-00C04F79EFBC}") = "PDFEncryptor", "PDFEncryptor.csproj", "{8DAECBE2-D970-48C5-82F6-0D657FBCE20D}"
EndProject
Global
	GlobalSection(SolutionConfigurationPlatforms) = preSolution
		Debug|Any CPU = Debug|Any CPU
		Release|Any CPU = Release|Any CPU
	EndGlobalSection
	GlobalSection(ProjectConfigurationPlatforms) = postSolution
		{8DAECBE2-D970-48C5-82F6-0D657FBCE20D}.Debug|Any CPU.ActiveCfg = Debug|Any CPU
		{8DAECBE2-D970-48C5-82F6-0D657FBCE20D}.Debug|Any CPU.Build.0 = Debug|Any CPU
		{8DAECBE2-D970-48C5-82F6-0D657FBCE20D}.Release|Any CPU.ActiveCfg = Release|Any CPU
		{8DAECBE2-D970-48C5-82F6-0D657FBCE20D}.Release|Any CPU.Build.0 = Release|Any CPU
	EndGlobalSection
	GlobalSection(SolutionProperties) = preSolution
		HideSolutionNode = FALSE
	EndGlobalSection
	GlobalSection(ExtensibilityGlobals) = postSolution
		SolutionGuid = {4CE47A8F-E65A-41D5-959E-14FCA7E3E62F}
	EndGlobalSection
EndGlobal
